
Microsoft Visual Studio Solution File, Format Version 12.00
# Visual Studio Version 17
VisualStudioVersion = 17.0.32126.317
MinimumVisualStudioVersion = 10.0.40219.1
Project("{FAE04EC0-301F-11D3-BF4B-00C04F79EFBC}") = "Т01. Birthday Celebration", "Т01. Birthday Celebration\Т01. Birthday Celebration.csproj", "{F84D8D85-B9BC-444D-BD3F-78A2A4AFABF6}"
EndProject
Global
	GlobalSection(SolutionConfigurationPlatforms) = preSolution
		Debug|Any CPU = Debug|Any CPU
		Release|Any CPU = Release|Any CPU
	EndGlobalSection
	GlobalSection(ProjectConfigurationPlatforms) = postSolution
		{F84D8D85-B9BC-444D-BD3F-78A2A4AFABF6}.Debug|Any CPU.ActiveCfg = Debug|Any CPU
		{F84D8D85-B9BC-444D-BD3F-78A2A4AFABF6}.Debug|Any CPU.Build.0 = Debug|Any CPU
		{F84D8D85-B9BC-444D-BD3F-78A2A4AFABF6}.Release|Any CPU.ActiveCfg = Release|Any CPU
		{F84D8D85-B9BC-444D-BD3F-78A2A4AFABF6}.Release|Any CPU.Build.0 = Release|Any CPU
	EndGlobalSection
	GlobalSection(SolutionProperties) = preSolution
		HideSolutionNode = FALSE
	EndGlobalSection
	GlobalSection(ExtensibilityGlobals) = postSolution
		SolutionGuid = {29F4DEE2-9F18-457F-A505-4B8F330EBC2E}
	EndGlobalSection
EndGlobal
