
Microsoft Visual Studio Solution File, Format Version 12.00
# Visual Studio Version 17
VisualStudioVersion = 17.0.32126.317
MinimumVisualStudioVersion = 10.0.40219.1
Project("{FAE04EC0-301F-11D3-BF4B-00C04F79EFBC}") = "04. Back In 30 Minutes", "04. Back In 30 Minutes\04. Back In 30 Minutes.csproj", "{921433A3-20CC-4553-A5D6-B6B5E3DDE24E}"
EndProject
Global
	GlobalSection(SolutionConfigurationPlatforms) = preSolution
		Debug|Any CPU = Debug|Any CPU
		Release|Any CPU = Release|Any CPU
	EndGlobalSection
	GlobalSection(ProjectConfigurationPlatforms) = postSolution
		{921433A3-20CC-4553-A5D6-B6B5E3DDE24E}.Debug|Any CPU.ActiveCfg = Debug|Any CPU
		{921433A3-20CC-4553-A5D6-B6B5E3DDE24E}.Debug|Any CPU.Build.0 = Debug|Any CPU
		{921433A3-20CC-4553-A5D6-B6B5E3DDE24E}.Release|Any CPU.ActiveCfg = Release|Any CPU
		{921433A3-20CC-4553-A5D6-B6B5E3DDE24E}.Release|Any CPU.Build.0 = Release|Any CPU
	EndGlobalSection
	GlobalSection(SolutionProperties) = preSolution
		HideSolutionNode = FALSE
	EndGlobalSection
	GlobalSection(ExtensibilityGlobals) = postSolution
		SolutionGuid = {511A8104-BE7B-46A3-B413-71642F6DE17B}
	EndGlobalSection
EndGlobal
