
Microsoft Visual Studio Solution File, Format Version 12.00
# Visual Studio Version 17
VisualStudioVersion = 17.0.32126.317
MinimumVisualStudioVersion = 10.0.40219.1
Project("{FAE04EC0-301F-11D3-BF4B-00C04F79EFBC}") = "T01. Loot Box", "T01. Loot Box\T01. Loot Box.csproj", "{8AC5E985-64EB-4433-BBDA-FA3075EE262E}"
EndProject
Global
	GlobalSection(SolutionConfigurationPlatforms) = preSolution
		Debug|Any CPU = Debug|Any CPU
		Release|Any CPU = Release|Any CPU
	EndGlobalSection
	GlobalSection(ProjectConfigurationPlatforms) = postSolution
		{8AC5E985-64EB-4433-BBDA-FA3075EE262E}.Debug|Any CPU.ActiveCfg = Debug|Any CPU
		{8AC5E985-64EB-4433-BBDA-FA3075EE262E}.Debug|Any CPU.Build.0 = Debug|Any CPU
		{8AC5E985-64EB-4433-BBDA-FA3075EE262E}.Release|Any CPU.ActiveCfg = Release|Any CPU
		{8AC5E985-64EB-4433-BBDA-FA3075EE262E}.Release|Any CPU.Build.0 = Release|Any CPU
	EndGlobalSection
	GlobalSection(SolutionProperties) = preSolution
		HideSolutionNode = FALSE
	EndGlobalSection
	GlobalSection(ExtensibilityGlobals) = postSolution
		SolutionGuid = {E955CFF2-A988-4E26-90A7-C29A80415E8F}
	EndGlobalSection
EndGlobal
