
Microsoft Visual Studio Solution File, Format Version 12.00
# Visual Studio Version 17
VisualStudioVersion = 17.0.32126.317
MinimumVisualStudioVersion = 10.0.40219.1
Project("{FAE04EC0-301F-11D3-BF4B-00C04F79EFBC}") = "11. Key Revolver", "11. Key Revolver\11. Key Revolver.csproj", "{B8B1F8EC-44AF-4EF7-86A6-A61FECFC8B83}"
EndProject
Global
	GlobalSection(SolutionConfigurationPlatforms) = preSolution
		Debug|Any CPU = Debug|Any CPU
		Release|Any CPU = Release|Any CPU
	EndGlobalSection
	GlobalSection(ProjectConfigurationPlatforms) = postSolution
		{B8B1F8EC-44AF-4EF7-86A6-A61FECFC8B83}.Debug|Any CPU.ActiveCfg = Debug|Any CPU
		{B8B1F8EC-44AF-4EF7-86A6-A61FECFC8B83}.Debug|Any CPU.Build.0 = Debug|Any CPU
		{B8B1F8EC-44AF-4EF7-86A6-A61FECFC8B83}.Release|Any CPU.ActiveCfg = Release|Any CPU
		{B8B1F8EC-44AF-4EF7-86A6-A61FECFC8B83}.Release|Any CPU.Build.0 = Release|Any CPU
	EndGlobalSection
	GlobalSection(SolutionProperties) = preSolution
		HideSolutionNode = FALSE
	EndGlobalSection
	GlobalSection(ExtensibilityGlobals) = postSolution
		SolutionGuid = {2A126085-B7E9-479F-9F4B-5761F05113BD}
	EndGlobalSection
EndGlobal
