
Microsoft Visual Studio Solution File, Format Version 12.00
# Visual Studio Version 17
VisualStudioVersion = 17.0.32126.317
MinimumVisualStudioVersion = 10.0.40219.1
Project("{FAE04EC0-301F-11D3-BF4B-00C04F79EFBC}") = "04. Toy Shop", "04. Toy Shop\04. Toy Shop.csproj", "{A6FA4378-64E5-4D20-BAD1-A5E9B1462166}"
EndProject
Global
	GlobalSection(SolutionConfigurationPlatforms) = preSolution
		Debug|Any CPU = Debug|Any CPU
		Release|Any CPU = Release|Any CPU
	EndGlobalSection
	GlobalSection(ProjectConfigurationPlatforms) = postSolution
		{A6FA4378-64E5-4D20-BAD1-A5E9B1462166}.Debug|Any CPU.ActiveCfg = Debug|Any CPU
		{A6FA4378-64E5-4D20-BAD1-A5E9B1462166}.Debug|Any CPU.Build.0 = Debug|Any CPU
		{A6FA4378-64E5-4D20-BAD1-A5E9B1462166}.Release|Any CPU.ActiveCfg = Release|Any CPU
		{A6FA4378-64E5-4D20-BAD1-A5E9B1462166}.Release|Any CPU.Build.0 = Release|Any CPU
	EndGlobalSection
	GlobalSection(SolutionProperties) = preSolution
		HideSolutionNode = FALSE
	EndGlobalSection
	GlobalSection(ExtensibilityGlobals) = postSolution
		SolutionGuid = {90B83704-AC35-4DD1-8D15-F066CE694EA6}
	EndGlobalSection
EndGlobal
