
Microsoft Visual Studio Solution File, Format Version 12.00
# Visual Studio Version 17
VisualStudioVersion = 17.2.32602.215
MinimumVisualStudioVersion = 10.0.40219.1
Project("{FAE04EC0-301F-11D3-BF4B-00C04F79EFBC}") = "Vehicles", "Vehicles\Vehicles.csproj", "{781E17FD-D0B3-41AB-8CA7-73A9E0A0D407}"
EndProject
Global
	GlobalSection(SolutionConfigurationPlatforms) = preSolution
		Debug|Any CPU = Debug|Any CPU
		Release|Any CPU = Release|Any CPU
	EndGlobalSection
	GlobalSection(ProjectConfigurationPlatforms) = postSolution
		{781E17FD-D0B3-41AB-8CA7-73A9E0A0D407}.Debug|Any CPU.ActiveCfg = Debug|Any CPU
		{781E17FD-D0B3-41AB-8CA7-73A9E0A0D407}.Debug|Any CPU.Build.0 = Debug|Any CPU
		{781E17FD-D0B3-41AB-8CA7-73A9E0A0D407}.Release|Any CPU.ActiveCfg = Release|Any CPU
		{781E17FD-D0B3-41AB-8CA7-73A9E0A0D407}.Release|Any CPU.Build.0 = Release|Any CPU
	EndGlobalSection
	GlobalSection(SolutionProperties) = preSolution
		HideSolutionNode = FALSE
	EndGlobalSection
	GlobalSection(ExtensibilityGlobals) = postSolution
		SolutionGuid = {BF7CF2E6-0694-4F06-A30C-92BCC02497A7}
	EndGlobalSection
EndGlobal
