
Microsoft Visual Studio Solution File, Format Version 12.00
# Visual Studio Version 17
VisualStudioVersion = 17.0.32126.317
MinimumVisualStudioVersion = 10.0.40219.1
Project("{FAE04EC0-301F-11D3-BF4B-00C04F79EFBC}") = "05. Small Shop", "05. Small Shop\05. Small Shop.csproj", "{50755A48-7AA8-4EE0-9B15-47D3B8927030}"
EndProject
Global
	GlobalSection(SolutionConfigurationPlatforms) = preSolution
		Debug|Any CPU = Debug|Any CPU
		Release|Any CPU = Release|Any CPU
	EndGlobalSection
	GlobalSection(ProjectConfigurationPlatforms) = postSolution
		{50755A48-7AA8-4EE0-9B15-47D3B8927030}.Debug|Any CPU.ActiveCfg = Debug|Any CPU
		{50755A48-7AA8-4EE0-9B15-47D3B8927030}.Debug|Any CPU.Build.0 = Debug|Any CPU
		{50755A48-7AA8-4EE0-9B15-47D3B8927030}.Release|Any CPU.ActiveCfg = Release|Any CPU
		{50755A48-7AA8-4EE0-9B15-47D3B8927030}.Release|Any CPU.Build.0 = Release|Any CPU
	EndGlobalSection
	GlobalSection(SolutionProperties) = preSolution
		HideSolutionNode = FALSE
	EndGlobalSection
	GlobalSection(ExtensibilityGlobals) = postSolution
		SolutionGuid = {E5021A93-EBC7-42B2-A560-C2FDC5253BF4}
	EndGlobalSection
EndGlobal
