
Microsoft Visual Studio Solution File, Format Version 12.00
# Visual Studio Version 17
VisualStudioVersion = 17.0.32126.317
MinimumVisualStudioVersion = 10.0.40219.1
Project("{FAE04EC0-301F-11D3-BF4B-00C04F79EFBC}") = "01. USD to BGN", "01. USD to BGN\01. USD to BGN.csproj", "{7EB594A2-B5A4-4F5F-8EF9-973D08280850}"
EndProject
Global
	GlobalSection(SolutionConfigurationPlatforms) = preSolution
		Debug|Any CPU = Debug|Any CPU
		Release|Any CPU = Release|Any CPU
	EndGlobalSection
	GlobalSection(ProjectConfigurationPlatforms) = postSolution
		{7EB594A2-B5A4-4F5F-8EF9-973D08280850}.Debug|Any CPU.ActiveCfg = Debug|Any CPU
		{7EB594A2-B5A4-4F5F-8EF9-973D08280850}.Debug|Any CPU.Build.0 = Debug|Any CPU
		{7EB594A2-B5A4-4F5F-8EF9-973D08280850}.Release|Any CPU.ActiveCfg = Release|Any CPU
		{7EB594A2-B5A4-4F5F-8EF9-973D08280850}.Release|Any CPU.Build.0 = Release|Any CPU
	EndGlobalSection
	GlobalSection(SolutionProperties) = preSolution
		HideSolutionNode = FALSE
	EndGlobalSection
	GlobalSection(ExtensibilityGlobals) = postSolution
		SolutionGuid = {8315C5F5-78BF-48AD-B7D8-0A0B788A1BE1}
	EndGlobalSection
EndGlobal
