
Microsoft Visual Studio Solution File, Format Version 12.00
# Visual Studio Version 17
VisualStudioVersion = 17.0.32126.317
MinimumVisualStudioVersion = 10.0.40219.1
Project("{FAE04EC0-301F-11D3-BF4B-00C04F79EFBC}") = "03.Rectangle_Area", "03.Rectangle_Area\03.Rectangle_Area.csproj", "{37DBC7C3-9C46-4788-9C2D-6546295C4636}"
EndProject
Global
	GlobalSection(SolutionConfigurationPlatforms) = preSolution
		Debug|Any CPU = Debug|Any CPU
		Release|Any CPU = Release|Any CPU
	EndGlobalSection
	GlobalSection(ProjectConfigurationPlatforms) = postSolution
		{37DBC7C3-9C46-4788-9C2D-6546295C4636}.Debug|Any CPU.ActiveCfg = Debug|Any CPU
		{37DBC7C3-9C46-4788-9C2D-6546295C4636}.Debug|Any CPU.Build.0 = Debug|Any CPU
		{37DBC7C3-9C46-4788-9C2D-6546295C4636}.Release|Any CPU.ActiveCfg = Release|Any CPU
		{37DBC7C3-9C46-4788-9C2D-6546295C4636}.Release|Any CPU.Build.0 = Release|Any CPU
	EndGlobalSection
	GlobalSection(SolutionProperties) = preSolution
		HideSolutionNode = FALSE
	EndGlobalSection
	GlobalSection(ExtensibilityGlobals) = postSolution
		SolutionGuid = {AD214FC3-F3D3-4C70-B1C3-1EDF19E0BD0A}
	EndGlobalSection
EndGlobal
