
Microsoft Visual Studio Solution File, Format Version 12.00
# Visual Studio Version 17
VisualStudioVersion = 17.0.32126.317
MinimumVisualStudioVersion = 10.0.40219.1
Project("{FAE04EC0-301F-11D3-BF4B-00C04F79EFBC}") = "5. Print Even Numbers", "5. Print Even Numbers\5. Print Even Numbers.csproj", "{8048590A-A960-4B06-BA4D-69AF084B1D11}"
EndProject
Global
	GlobalSection(SolutionConfigurationPlatforms) = preSolution
		Debug|Any CPU = Debug|Any CPU
		Release|Any CPU = Release|Any CPU
	EndGlobalSection
	GlobalSection(ProjectConfigurationPlatforms) = postSolution
		{8048590A-A960-4B06-BA4D-69AF084B1D11}.Debug|Any CPU.ActiveCfg = Debug|Any CPU
		{8048590A-A960-4B06-BA4D-69AF084B1D11}.Debug|Any CPU.Build.0 = Debug|Any CPU
		{8048590A-A960-4B06-BA4D-69AF084B1D11}.Release|Any CPU.ActiveCfg = Release|Any CPU
		{8048590A-A960-4B06-BA4D-69AF084B1D11}.Release|Any CPU.Build.0 = Release|Any CPU
	EndGlobalSection
	GlobalSection(SolutionProperties) = preSolution
		HideSolutionNode = FALSE
	EndGlobalSection
	GlobalSection(ExtensibilityGlobals) = postSolution
		SolutionGuid = {36C88367-9B96-4C0A-ACB6-73CD76C1AE5E}
	EndGlobalSection
EndGlobal
