
Microsoft Visual Studio Solution File, Format Version 12.00
# Visual Studio Version 17
VisualStudioVersion = 17.0.32126.317
MinimumVisualStudioVersion = 10.0.40219.1
Project("{FAE04EC0-301F-11D3-BF4B-00C04F79EFBC}") = "04. Password Guess", "04. Password Guess\04. Password Guess.csproj", "{B7AC17F2-2EC7-4160-B66B-71F864DB3E97}"
EndProject
Global
	GlobalSection(SolutionConfigurationPlatforms) = preSolution
		Debug|Any CPU = Debug|Any CPU
		Release|Any CPU = Release|Any CPU
	EndGlobalSection
	GlobalSection(ProjectConfigurationPlatforms) = postSolution
		{B7AC17F2-2EC7-4160-B66B-71F864DB3E97}.Debug|Any CPU.ActiveCfg = Debug|Any CPU
		{B7AC17F2-2EC7-4160-B66B-71F864DB3E97}.Debug|Any CPU.Build.0 = Debug|Any CPU
		{B7AC17F2-2EC7-4160-B66B-71F864DB3E97}.Release|Any CPU.ActiveCfg = Release|Any CPU
		{B7AC17F2-2EC7-4160-B66B-71F864DB3E97}.Release|Any CPU.Build.0 = Release|Any CPU
	EndGlobalSection
	GlobalSection(SolutionProperties) = preSolution
		HideSolutionNode = FALSE
	EndGlobalSection
	GlobalSection(ExtensibilityGlobals) = postSolution
		SolutionGuid = {D5288BF7-45DB-4E0B-850F-9EE7B6104229}
	EndGlobalSection
EndGlobal
