
Microsoft Visual Studio Solution File, Format Version 12.00
# Visual Studio Version 17
VisualStudioVersion = 17.0.32126.317
MinimumVisualStudioVersion = 10.0.40219.1
Project("{FAE04EC0-301F-11D3-BF4B-00C04F79EFBC}") = "08. Lunch Break", "08. Lunch Break\08. Lunch Break.csproj", "{9C3B4C56-40D1-41E8-BE36-500322D2A4AE}"
EndProject
Global
	GlobalSection(SolutionConfigurationPlatforms) = preSolution
		Debug|Any CPU = Debug|Any CPU
		Release|Any CPU = Release|Any CPU
	EndGlobalSection
	GlobalSection(ProjectConfigurationPlatforms) = postSolution
		{9C3B4C56-40D1-41E8-BE36-500322D2A4AE}.Debug|Any CPU.ActiveCfg = Debug|Any CPU
		{9C3B4C56-40D1-41E8-BE36-500322D2A4AE}.Debug|Any CPU.Build.0 = Debug|Any CPU
		{9C3B4C56-40D1-41E8-BE36-500322D2A4AE}.Release|Any CPU.ActiveCfg = Release|Any CPU
		{9C3B4C56-40D1-41E8-BE36-500322D2A4AE}.Release|Any CPU.Build.0 = Release|Any CPU
	EndGlobalSection
	GlobalSection(SolutionProperties) = preSolution
		HideSolutionNode = FALSE
	EndGlobalSection
	GlobalSection(ExtensibilityGlobals) = postSolution
		SolutionGuid = {4B519589-E5CA-4DE5-8CCB-47F92F9CD862}
	EndGlobalSection
EndGlobal
