
Microsoft Visual Studio Solution File, Format Version 12.00
# Visual Studio Version 17
VisualStudioVersion = 17.0.32126.317
MinimumVisualStudioVersion = 10.0.40219.1
Project("{FAE04EC0-301F-11D3-BF4B-00C04F79EFBC}") = "Streams,files,directories", "Streams,files,directories\Streams,files,directories.csproj", "{773EAB80-14AF-48E8-9D3D-112A115467A5}"
EndProject
Global
	GlobalSection(SolutionConfigurationPlatforms) = preSolution
		Debug|Any CPU = Debug|Any CPU
		Release|Any CPU = Release|Any CPU
	EndGlobalSection
	GlobalSection(ProjectConfigurationPlatforms) = postSolution
		{773EAB80-14AF-48E8-9D3D-112A115467A5}.Debug|Any CPU.ActiveCfg = Debug|Any CPU
		{773EAB80-14AF-48E8-9D3D-112A115467A5}.Debug|Any CPU.Build.0 = Debug|Any CPU
		{773EAB80-14AF-48E8-9D3D-112A115467A5}.Release|Any CPU.ActiveCfg = Release|Any CPU
		{773EAB80-14AF-48E8-9D3D-112A115467A5}.Release|Any CPU.Build.0 = Release|Any CPU
	EndGlobalSection
	GlobalSection(SolutionProperties) = preSolution
		HideSolutionNode = FALSE
	EndGlobalSection
	GlobalSection(ExtensibilityGlobals) = postSolution
		SolutionGuid = {9B9F9C1A-79F6-4CEB-A7AF-28FC0E87DA6C}
	EndGlobalSection
EndGlobal
