
Microsoft Visual Studio Solution File, Format Version 12.00
# Visual Studio Version 17
VisualStudioVersion = 17.0.32126.317
MinimumVisualStudioVersion = 10.0.40219.1
Project("{FAE04EC0-301F-11D3-BF4B-00C04F79EFBC}") = "07. Shopping", "07. Shopping\07. Shopping.csproj", "{9D4A212F-59D7-44BD-B1B1-AAE508993079}"
EndProject
Global
	GlobalSection(SolutionConfigurationPlatforms) = preSolution
		Debug|Any CPU = Debug|Any CPU
		Release|Any CPU = Release|Any CPU
	EndGlobalSection
	GlobalSection(ProjectConfigurationPlatforms) = postSolution
		{9D4A212F-59D7-44BD-B1B1-AAE508993079}.Debug|Any CPU.ActiveCfg = Debug|Any CPU
		{9D4A212F-59D7-44BD-B1B1-AAE508993079}.Debug|Any CPU.Build.0 = Debug|Any CPU
		{9D4A212F-59D7-44BD-B1B1-AAE508993079}.Release|Any CPU.ActiveCfg = Release|Any CPU
		{9D4A212F-59D7-44BD-B1B1-AAE508993079}.Release|Any CPU.Build.0 = Release|Any CPU
	EndGlobalSection
	GlobalSection(SolutionProperties) = preSolution
		HideSolutionNode = FALSE
	EndGlobalSection
	GlobalSection(ExtensibilityGlobals) = postSolution
		SolutionGuid = {3679BDB5-7A7B-443D-AEF8-64669277377D}
	EndGlobalSection
EndGlobal
