
Microsoft Visual Studio Solution File, Format Version 12.00
# Visual Studio Version 17
VisualStudioVersion = 17.0.32126.317
MinimumVisualStudioVersion = 10.0.40219.1
Project("{FAE04EC0-301F-11D3-BF4B-00C04F79EFBC}") = "00Multidimensional Arrays", "00Multidimensional Arrays\00Multidimensional Arrays.csproj", "{3D01AAFE-4987-4E75-A40E-CDAF9600063D}"
EndProject
Project("{FAE04EC0-301F-11D3-BF4B-00C04F79EFBC}") = "1. Sum Matrix Elements", "1. Sum Matrix Elements\1. Sum Matrix Elements.csproj", "{0895EE43-AB3E-473E-9273-443D2BF91CBF}"
EndProject
Project("{FAE04EC0-301F-11D3-BF4B-00C04F79EFBC}") = "2. Sum Matrix Columns", "2. Sum Matrix Columns\2. Sum Matrix Columns.csproj", "{7224665D-B656-4286-ABD5-6C40A1CD5BB5}"
EndProject
Project("{FAE04EC0-301F-11D3-BF4B-00C04F79EFBC}") = "3. Primary Diagonal", "3. Primary Diagonal\3. Primary Diagonal.csproj", "{342553E1-972A-439B-B3B4-18095B43AE5E}"
EndProject
Project("{FAE04EC0-301F-11D3-BF4B-00C04F79EFBC}") = "4. Symbol in Matrix", "4. Symbol in Matrix\4. Symbol in Matrix.csproj", "{D49FC93A-3636-41F4-A083-E5300D0EFD6E}"
EndProject
Project("{FAE04EC0-301F-11D3-BF4B-00C04F79EFBC}") = "5. Square With Maximum Sum", "5. Square With Maximum Sum\5. Square With Maximum Sum.csproj", "{BAAF2D1C-6582-4A13-B6FA-14D6AF1300A9}"
EndProject
Project("{FAE04EC0-301F-11D3-BF4B-00C04F79EFBC}") = "6. Jagged-Array Modification", "6. Jagged-Array Modification\6. Jagged-Array Modification.csproj", "{6299B3F8-BC98-4237-8DFD-5CD1C8439C74}"
EndProject
Project("{FAE04EC0-301F-11D3-BF4B-00C04F79EFBC}") = "7. Pascal Triangle", "7. Pascal Triangle\7. Pascal Triangle.csproj", "{8BA3D235-6C90-4CBF-A8F5-4A8ABDCA8B16}"
EndProject
Global
	GlobalSection(SolutionConfigurationPlatforms) = preSolution
		Debug|Any CPU = Debug|Any CPU
		Release|Any CPU = Release|Any CPU
	EndGlobalSection
	GlobalSection(ProjectConfigurationPlatforms) = postSolution
		{3D01AAFE-4987-4E75-A40E-CDAF9600063D}.Debug|Any CPU.ActiveCfg = Debug|Any CPU
		{3D01AAFE-4987-4E75-A40E-CDAF9600063D}.Debug|Any CPU.Build.0 = Debug|Any CPU
		{3D01AAFE-4987-4E75-A40E-CDAF9600063D}.Release|Any CPU.ActiveCfg = Release|Any CPU
		{3D01AAFE-4987-4E75-A40E-CDAF9600063D}.Release|Any CPU.Build.0 = Release|Any CPU
		{0895EE43-AB3E-473E-9273-443D2BF91CBF}.Debug|Any CPU.ActiveCfg = Debug|Any CPU
		{0895EE43-AB3E-473E-9273-443D2BF91CBF}.Debug|Any CPU.Build.0 = Debug|Any CPU
		{0895EE43-AB3E-473E-9273-443D2BF91CBF}.Release|Any CPU.ActiveCfg = Release|Any CPU
		{0895EE43-AB3E-473E-9273-443D2BF91CBF}.Release|Any CPU.Build.0 = Release|Any CPU
		{7224665D-B656-4286-ABD5-6C40A1CD5BB5}.Debug|Any CPU.ActiveCfg = Debug|Any CPU
		{7224665D-B656-4286-ABD5-6C40A1CD5BB5}.Debug|Any CPU.Build.0 = Debug|Any CPU
		{7224665D-B656-4286-ABD5-6C40A1CD5BB5}.Release|Any CPU.ActiveCfg = Release|Any CPU
		{7224665D-B656-4286-ABD5-6C40A1CD5BB5}.Release|Any CPU.Build.0 = Release|Any CPU
		{342553E1-972A-439B-B3B4-18095B43AE5E}.Debug|Any CPU.ActiveCfg = Debug|Any CPU
		{342553E1-972A-439B-B3B4-18095B43AE5E}.Debug|Any CPU.Build.0 = Debug|Any CPU
		{342553E1-972A-439B-B3B4-18095B43AE5E}.Release|Any CPU.ActiveCfg = Release|Any CPU
		{342553E1-972A-439B-B3B4-18095B43AE5E}.Release|Any CPU.Build.0 = Release|Any CPU
		{D49FC93A-3636-41F4-A083-E5300D0EFD6E}.Debug|Any CPU.ActiveCfg = Debug|Any CPU
		{D49FC93A-3636-41F4-A083-E5300D0EFD6E}.Debug|Any CPU.Build.0 = Debug|Any CPU
		{D49FC93A-3636-41F4-A083-E5300D0EFD6E}.Release|Any CPU.ActiveCfg = Release|Any CPU
		{D49FC93A-3636-41F4-A083-E5300D0EFD6E}.Release|Any CPU.Build.0 = Release|Any CPU
		{BAAF2D1C-6582-4A13-B6FA-14D6AF1300A9}.Debug|Any CPU.ActiveCfg = Debug|Any CPU
		{BAAF2D1C-6582-4A13-B6FA-14D6AF1300A9}.Debug|Any CPU.Build.0 = Debug|Any CPU
		{BAAF2D1C-6582-4A13-B6FA-14D6AF1300A9}.Release|Any CPU.ActiveCfg = Release|Any CPU
		{BAAF2D1C-6582-4A13-B6FA-14D6AF1300A9}.Release|Any CPU.Build.0 = Release|Any CPU
		{6299B3F8-BC98-4237-8DFD-5CD1C8439C74}.Debug|Any CPU.ActiveCfg = Debug|Any CPU
		{6299B3F8-BC98-4237-8DFD-5CD1C8439C74}.Debug|Any CPU.Build.0 = Debug|Any CPU
		{6299B3F8-BC98-4237-8DFD-5CD1C8439C74}.Release|Any CPU.ActiveCfg = Release|Any CPU
		{6299B3F8-BC98-4237-8DFD-5CD1C8439C74}.Release|Any CPU.Build.0 = Release|Any CPU
		{8BA3D235-6C90-4CBF-A8F5-4A8ABDCA8B16}.Debug|Any CPU.ActiveCfg = Debug|Any CPU
		{8BA3D235-6C90-4CBF-A8F5-4A8ABDCA8B16}.Debug|Any CPU.Build.0 = Debug|Any CPU
		{8BA3D235-6C90-4CBF-A8F5-4A8ABDCA8B16}.Release|Any CPU.ActiveCfg = Release|Any CPU
		{8BA3D235-6C90-4CBF-A8F5-4A8ABDCA8B16}.Release|Any CPU.Build.0 = Release|Any CPU
	EndGlobalSection
	GlobalSection(SolutionProperties) = preSolution
		HideSolutionNode = FALSE
	EndGlobalSection
	GlobalSection(ExtensibilityGlobals) = postSolution
		SolutionGuid = {0802EC04-0C7B-4E5D-A537-55E72BDD8923}
	EndGlobalSection
EndGlobal
