
Microsoft Visual Studio Solution File, Format Version 12.00
# Visual Studio Version 17
VisualStudioVersion = 17.0.32126.317
MinimumVisualStudioVersion = 10.0.40219.1
Project("{FAE04EC0-301F-11D3-BF4B-00C04F79EFBC}") = "Functional_programming", "Functional_programming\Functional_programming.csproj", "{FEEA49F8-DCB4-4C43-AC6A-55BBB42985F3}"
EndProject
Project("{FAE04EC0-301F-11D3-BF4B-00C04F79EFBC}") = "T01. Action Print", "T01. Action Print\T01. Action Print.csproj", "{BA9A2DD1-3772-4A37-BFC1-FC621BEC290F}"
EndProject
Project("{FAE04EC0-301F-11D3-BF4B-00C04F79EFBC}") = "T02. Knights of Honor", "T02. Knights of Honor\T02. Knights of Honor.csproj", "{3B272AB2-2C53-405A-941C-0BEDC0F50781}"
EndProject
Project("{FAE04EC0-301F-11D3-BF4B-00C04F79EFBC}") = "T03. Custom Min Function", "T03. Custom Min Function\T03. Custom Min Function.csproj", "{37B37BE9-07C5-4EA7-9940-EFBC66660CBF}"
EndProject
Project("{FAE04EC0-301F-11D3-BF4B-00C04F79EFBC}") = "T04. Find Evens or Odds", "T04. Find Evens or Odds\T04. Find Evens or Odds.csproj", "{EBFC3CA1-3511-4524-A321-6BE801218D4E}"
EndProject
Project("{FAE04EC0-301F-11D3-BF4B-00C04F79EFBC}") = "T05. Applied Arithmetics", "T05. Applied Arithmetics\T05. Applied Arithmetics.csproj", "{7FA72B00-9BAA-40C2-B1A8-69BF6DF4CF3A}"
EndProject
Project("{FAE04EC0-301F-11D3-BF4B-00C04F79EFBC}") = "T06. Reverse And Exclude", "T06. Reverse And Exclude\T06. Reverse And Exclude.csproj", "{172AF40D-E48F-4B58-8B23-50F67BAE596C}"
EndProject
Project("{FAE04EC0-301F-11D3-BF4B-00C04F79EFBC}") = "T07.Predicate_for_names", "T07.Predicate_for_names\T07.Predicate_for_names.csproj", "{1D96F9D5-3DC5-457C-838D-A185841B64CE}"
EndProject
Project("{FAE04EC0-301F-11D3-BF4B-00C04F79EFBC}") = "T08. List Of Predicates", "T08. List Of Predicates\T08. List Of Predicates.csproj", "{7B00A1F9-76D1-4BA2-8A74-4A341580025F}"
EndProject
Project("{FAE04EC0-301F-11D3-BF4B-00C04F79EFBC}") = "T09. Predicate Party!", "T09. Predicate Party!\T09. Predicate Party!.csproj", "{AF82D801-59EF-412B-8BDF-843C328E7C96}"
EndProject
Project("{FAE04EC0-301F-11D3-BF4B-00C04F79EFBC}") = "T10. ThePartyReservationFilterModule", "T10. ThePartyReservationFilterModule\T10. ThePartyReservationFilterModule.csproj", "{D2CA23FA-43F2-4096-8DA5-1EAEB69094D2}"
EndProject
Project("{FAE04EC0-301F-11D3-BF4B-00C04F79EFBC}") = "T11. TriFunction", "T11. TriFunction\T11. TriFunction.csproj", "{6B7895F9-F783-467D-ADC5-BD9DFCE5B1C4}"
EndProject
Global
	GlobalSection(SolutionConfigurationPlatforms) = preSolution
		Debug|Any CPU = Debug|Any CPU
		Release|Any CPU = Release|Any CPU
	EndGlobalSection
	GlobalSection(ProjectConfigurationPlatforms) = postSolution
		{FEEA49F8-DCB4-4C43-AC6A-55BBB42985F3}.Debug|Any CPU.ActiveCfg = Debug|Any CPU
		{FEEA49F8-DCB4-4C43-AC6A-55BBB42985F3}.Debug|Any CPU.Build.0 = Debug|Any CPU
		{FEEA49F8-DCB4-4C43-AC6A-55BBB42985F3}.Release|Any CPU.ActiveCfg = Release|Any CPU
		{FEEA49F8-DCB4-4C43-AC6A-55BBB42985F3}.Release|Any CPU.Build.0 = Release|Any CPU
		{BA9A2DD1-3772-4A37-BFC1-FC621BEC290F}.Debug|Any CPU.ActiveCfg = Debug|Any CPU
		{BA9A2DD1-3772-4A37-BFC1-FC621BEC290F}.Debug|Any CPU.Build.0 = Debug|Any CPU
		{BA9A2DD1-3772-4A37-BFC1-FC621BEC290F}.Release|Any CPU.ActiveCfg = Release|Any CPU
		{BA9A2DD1-3772-4A37-BFC1-FC621BEC290F}.Release|Any CPU.Build.0 = Release|Any CPU
		{3B272AB2-2C53-405A-941C-0BEDC0F50781}.Debug|Any CPU.ActiveCfg = Debug|Any CPU
		{3B272AB2-2C53-405A-941C-0BEDC0F50781}.Debug|Any CPU.Build.0 = Debug|Any CPU
		{3B272AB2-2C53-405A-941C-0BEDC0F50781}.Release|Any CPU.ActiveCfg = Release|Any CPU
		{3B272AB2-2C53-405A-941C-0BEDC0F50781}.Release|Any CPU.Build.0 = Release|Any CPU
		{37B37BE9-07C5-4EA7-9940-EFBC66660CBF}.Debug|Any CPU.ActiveCfg = Debug|Any CPU
		{37B37BE9-07C5-4EA7-9940-EFBC66660CBF}.Debug|Any CPU.Build.0 = Debug|Any CPU
		{37B37BE9-07C5-4EA7-9940-EFBC66660CBF}.Release|Any CPU.ActiveCfg = Release|Any CPU
		{37B37BE9-07C5-4EA7-9940-EFBC66660CBF}.Release|Any CPU.Build.0 = Release|Any CPU
		{EBFC3CA1-3511-4524-A321-6BE801218D4E}.Debug|Any CPU.ActiveCfg = Debug|Any CPU
		{EBFC3CA1-3511-4524-A321-6BE801218D4E}.Debug|Any CPU.Build.0 = Debug|Any CPU
		{EBFC3CA1-3511-4524-A321-6BE801218D4E}.Release|Any CPU.ActiveCfg = Release|Any CPU
		{EBFC3CA1-3511-4524-A321-6BE801218D4E}.Release|Any CPU.Build.0 = Release|Any CPU
		{7FA72B00-9BAA-40C2-B1A8-69BF6DF4CF3A}.Debug|Any CPU.ActiveCfg = Debug|Any CPU
		{7FA72B00-9BAA-40C2-B1A8-69BF6DF4CF3A}.Debug|Any CPU.Build.0 = Debug|Any CPU
		{7FA72B00-9BAA-40C2-B1A8-69BF6DF4CF3A}.Release|Any CPU.ActiveCfg = Release|Any CPU
		{7FA72B00-9BAA-40C2-B1A8-69BF6DF4CF3A}.Release|Any CPU.Build.0 = Release|Any CPU
		{172AF40D-E48F-4B58-8B23-50F67BAE596C}.Debug|Any CPU.ActiveCfg = Debug|Any CPU
		{172AF40D-E48F-4B58-8B23-50F67BAE596C}.Debug|Any CPU.Build.0 = Debug|Any CPU
		{172AF40D-E48F-4B58-8B23-50F67BAE596C}.Release|Any CPU.ActiveCfg = Release|Any CPU
		{172AF40D-E48F-4B58-8B23-50F67BAE596C}.Release|Any CPU.Build.0 = Release|Any CPU
		{1D96F9D5-3DC5-457C-838D-A185841B64CE}.Debug|Any CPU.ActiveCfg = Debug|Any CPU
		{1D96F9D5-3DC5-457C-838D-A185841B64CE}.Debug|Any CPU.Build.0 = Debug|Any CPU
		{1D96F9D5-3DC5-457C-838D-A185841B64CE}.Release|Any CPU.ActiveCfg = Release|Any CPU
		{1D96F9D5-3DC5-457C-838D-A185841B64CE}.Release|Any CPU.Build.0 = Release|Any CPU
		{7B00A1F9-76D1-4BA2-8A74-4A341580025F}.Debug|Any CPU.ActiveCfg = Debug|Any CPU
		{7B00A1F9-76D1-4BA2-8A74-4A341580025F}.Debug|Any CPU.Build.0 = Debug|Any CPU
		{7B00A1F9-76D1-4BA2-8A74-4A341580025F}.Release|Any CPU.ActiveCfg = Release|Any CPU
		{7B00A1F9-76D1-4BA2-8A74-4A341580025F}.Release|Any CPU.Build.0 = Release|Any CPU
		{AF82D801-59EF-412B-8BDF-843C328E7C96}.Debug|Any CPU.ActiveCfg = Debug|Any CPU
		{AF82D801-59EF-412B-8BDF-843C328E7C96}.Debug|Any CPU.Build.0 = Debug|Any CPU
		{AF82D801-59EF-412B-8BDF-843C328E7C96}.Release|Any CPU.ActiveCfg = Release|Any CPU
		{AF82D801-59EF-412B-8BDF-843C328E7C96}.Release|Any CPU.Build.0 = Release|Any CPU
		{D2CA23FA-43F2-4096-8DA5-1EAEB69094D2}.Debug|Any CPU.ActiveCfg = Debug|Any CPU
		{D2CA23FA-43F2-4096-8DA5-1EAEB69094D2}.Debug|Any CPU.Build.0 = Debug|Any CPU
		{D2CA23FA-43F2-4096-8DA5-1EAEB69094D2}.Release|Any CPU.ActiveCfg = Release|Any CPU
		{D2CA23FA-43F2-4096-8DA5-1EAEB69094D2}.Release|Any CPU.Build.0 = Release|Any CPU
		{6B7895F9-F783-467D-ADC5-BD9DFCE5B1C4}.Debug|Any CPU.ActiveCfg = Debug|Any CPU
		{6B7895F9-F783-467D-ADC5-BD9DFCE5B1C4}.Debug|Any CPU.Build.0 = Debug|Any CPU
		{6B7895F9-F783-467D-ADC5-BD9DFCE5B1C4}.Release|Any CPU.ActiveCfg = Release|Any CPU
		{6B7895F9-F783-467D-ADC5-BD9DFCE5B1C4}.Release|Any CPU.Build.0 = Release|Any CPU
	EndGlobalSection
	GlobalSection(SolutionProperties) = preSolution
		HideSolutionNode = FALSE
	EndGlobalSection
	GlobalSection(ExtensibilityGlobals) = postSolution
		SolutionGuid = {D207B9C5-C80A-4CD3-8F5C-D9F4A6B959BC}
	EndGlobalSection
EndGlobal
