
Microsoft Visual Studio Solution File, Format Version 12.00
# Visual Studio Version 17
VisualStudioVersion = 17.0.32126.317
MinimumVisualStudioVersion = 10.0.40219.1
Project("{FAE04EC0-301F-11D3-BF4B-00C04F79EFBC}") = "04. Fast Food", "04. Fast Food\04. Fast Food.csproj", "{FC81D357-020A-4700-B5B9-136F8843B607}"
EndProject
Global
	GlobalSection(SolutionConfigurationPlatforms) = preSolution
		Debug|Any CPU = Debug|Any CPU
		Release|Any CPU = Release|Any CPU
	EndGlobalSection
	GlobalSection(ProjectConfigurationPlatforms) = postSolution
		{FC81D357-020A-4700-B5B9-136F8843B607}.Debug|Any CPU.ActiveCfg = Debug|Any CPU
		{FC81D357-020A-4700-B5B9-136F8843B607}.Debug|Any CPU.Build.0 = Debug|Any CPU
		{FC81D357-020A-4700-B5B9-136F8843B607}.Release|Any CPU.ActiveCfg = Release|Any CPU
		{FC81D357-020A-4700-B5B9-136F8843B607}.Release|Any CPU.Build.0 = Release|Any CPU
	EndGlobalSection
	GlobalSection(SolutionProperties) = preSolution
		HideSolutionNode = FALSE
	EndGlobalSection
	GlobalSection(ExtensibilityGlobals) = postSolution
		SolutionGuid = {CC7F8CC8-36E0-4A92-832C-524205B2D621}
	EndGlobalSection
EndGlobal
