
Microsoft Visual Studio Solution File, Format Version 12.00
# Visual Studio Version 17
VisualStudioVersion = 17.2.32602.215
MinimumVisualStudioVersion = 10.0.40219.1
Project("{FAE04EC0-301F-11D3-BF4B-00C04F79EFBC}") = "FootballTeam", "FootballTeam\FootballTeam.csproj", "{FDE30AF1-545D-4CF1-9824-4BDACBFDA12E}"
EndProject
Global
	GlobalSection(SolutionConfigurationPlatforms) = preSolution
		Debug|Any CPU = Debug|Any CPU
		Release|Any CPU = Release|Any CPU
	EndGlobalSection
	GlobalSection(ProjectConfigurationPlatforms) = postSolution
		{FDE30AF1-545D-4CF1-9824-4BDACBFDA12E}.Debug|Any CPU.ActiveCfg = Debug|Any CPU
		{FDE30AF1-545D-4CF1-9824-4BDACBFDA12E}.Debug|Any CPU.Build.0 = Debug|Any CPU
		{FDE30AF1-545D-4CF1-9824-4BDACBFDA12E}.Release|Any CPU.ActiveCfg = Release|Any CPU
		{FDE30AF1-545D-4CF1-9824-4BDACBFDA12E}.Release|Any CPU.Build.0 = Release|Any CPU
	EndGlobalSection
	GlobalSection(SolutionProperties) = preSolution
		HideSolutionNode = FALSE
	EndGlobalSection
	GlobalSection(ExtensibilityGlobals) = postSolution
		SolutionGuid = {5C81494C-CB83-43B3-A9F8-63EEE0962D40}
	EndGlobalSection
EndGlobal
