
Microsoft Visual Studio Solution File, Format Version 12.00
# Visual Studio Version 17
VisualStudioVersion = 17.0.32126.317
MinimumVisualStudioVersion = 10.0.40219.1
Project("{FAE04EC0-301F-11D3-BF4B-00C04F79EFBC}") = "02. Passed", "02. Passed\02. Passed.csproj", "{A43FCED8-6A81-480A-9455-5153C835E86F}"
EndProject
Global
	GlobalSection(SolutionConfigurationPlatforms) = preSolution
		Debug|Any CPU = Debug|Any CPU
		Release|Any CPU = Release|Any CPU
	EndGlobalSection
	GlobalSection(ProjectConfigurationPlatforms) = postSolution
		{A43FCED8-6A81-480A-9455-5153C835E86F}.Debug|Any CPU.ActiveCfg = Debug|Any CPU
		{A43FCED8-6A81-480A-9455-5153C835E86F}.Debug|Any CPU.Build.0 = Debug|Any CPU
		{A43FCED8-6A81-480A-9455-5153C835E86F}.Release|Any CPU.ActiveCfg = Release|Any CPU
		{A43FCED8-6A81-480A-9455-5153C835E86F}.Release|Any CPU.Build.0 = Release|Any CPU
	EndGlobalSection
	GlobalSection(SolutionProperties) = preSolution
		HideSolutionNode = FALSE
	EndGlobalSection
	GlobalSection(ExtensibilityGlobals) = postSolution
		SolutionGuid = {0EDC96E2-D52D-4C13-8AEF-9AA9E2E3FBEC}
	EndGlobalSection
EndGlobal
