
Microsoft Visual Studio Solution File, Format Version 12.00
# Visual Studio Version 17
VisualStudioVersion = 17.0.32126.317
MinimumVisualStudioVersion = 10.0.40219.1
Project("{FAE04EC0-301F-11D3-BF4B-00C04F79EFBC}") = "13. Holidays Between Two Dates", "13. Holidays Between Two Dates\13. Holidays Between Two Dates.csproj", "{F370B9A8-273B-466E-9C43-F8C126E51258}"
EndProject
Global
	GlobalSection(SolutionConfigurationPlatforms) = preSolution
		Debug|Any CPU = Debug|Any CPU
		Release|Any CPU = Release|Any CPU
	EndGlobalSection
	GlobalSection(ProjectConfigurationPlatforms) = postSolution
		{F370B9A8-273B-466E-9C43-F8C126E51258}.Debug|Any CPU.ActiveCfg = Debug|Any CPU
		{F370B9A8-273B-466E-9C43-F8C126E51258}.Debug|Any CPU.Build.0 = Debug|Any CPU
		{F370B9A8-273B-466E-9C43-F8C126E51258}.Release|Any CPU.ActiveCfg = Release|Any CPU
		{F370B9A8-273B-466E-9C43-F8C126E51258}.Release|Any CPU.Build.0 = Release|Any CPU
	EndGlobalSection
	GlobalSection(SolutionProperties) = preSolution
		HideSolutionNode = FALSE
	EndGlobalSection
	GlobalSection(ExtensibilityGlobals) = postSolution
		SolutionGuid = {49A649FF-3B7E-4011-BEF3-6C25427C824D}
	EndGlobalSection
EndGlobal
