
Microsoft Visual Studio Solution File, Format Version 12.00
# Visual Studio Version 17
VisualStudioVersion = 17.0.32126.317
MinimumVisualStudioVersion = 10.0.40219.1
Project("{FAE04EC0-301F-11D3-BF4B-00C04F79EFBC}") = "08. Basketball Equipment", "08. Basketball Equipment\08. Basketball Equipment.csproj", "{9792C9D5-F641-4024-90E3-89C9C4040154}"
EndProject
Global
	GlobalSection(SolutionConfigurationPlatforms) = preSolution
		Debug|Any CPU = Debug|Any CPU
		Release|Any CPU = Release|Any CPU
	EndGlobalSection
	GlobalSection(ProjectConfigurationPlatforms) = postSolution
		{9792C9D5-F641-4024-90E3-89C9C4040154}.Debug|Any CPU.ActiveCfg = Debug|Any CPU
		{9792C9D5-F641-4024-90E3-89C9C4040154}.Debug|Any CPU.Build.0 = Debug|Any CPU
		{9792C9D5-F641-4024-90E3-89C9C4040154}.Release|Any CPU.ActiveCfg = Release|Any CPU
		{9792C9D5-F641-4024-90E3-89C9C4040154}.Release|Any CPU.Build.0 = Release|Any CPU
	EndGlobalSection
	GlobalSection(SolutionProperties) = preSolution
		HideSolutionNode = FALSE
	EndGlobalSection
	GlobalSection(ExtensibilityGlobals) = postSolution
		SolutionGuid = {C3E18550-DEAA-4B09-A902-BACD168B7229}
	EndGlobalSection
EndGlobal
