
Microsoft Visual Studio Solution File, Format Version 12.00
# Visual Studio Version 17
VisualStudioVersion = 17.0.32126.317
MinimumVisualStudioVersion = 10.0.40219.1
Project("{FAE04EC0-301F-11D3-BF4B-00C04F79EFBC}") = "05. Messages", "05. Messages\05. Messages.csproj", "{BA473D41-3D94-49C6-AD5B-2F2DA2CACFCC}"
EndProject
Global
	GlobalSection(SolutionConfigurationPlatforms) = preSolution
		Debug|Any CPU = Debug|Any CPU
		Release|Any CPU = Release|Any CPU
	EndGlobalSection
	GlobalSection(ProjectConfigurationPlatforms) = postSolution
		{BA473D41-3D94-49C6-AD5B-2F2DA2CACFCC}.Debug|Any CPU.ActiveCfg = Debug|Any CPU
		{BA473D41-3D94-49C6-AD5B-2F2DA2CACFCC}.Debug|Any CPU.Build.0 = Debug|Any CPU
		{BA473D41-3D94-49C6-AD5B-2F2DA2CACFCC}.Release|Any CPU.ActiveCfg = Release|Any CPU
		{BA473D41-3D94-49C6-AD5B-2F2DA2CACFCC}.Release|Any CPU.Build.0 = Release|Any CPU
	EndGlobalSection
	GlobalSection(SolutionProperties) = preSolution
		HideSolutionNode = FALSE
	EndGlobalSection
	GlobalSection(ExtensibilityGlobals) = postSolution
		SolutionGuid = {A8912AB6-8B49-4220-90F3-4EF49DEB33F2}
	EndGlobalSection
EndGlobal
