
Microsoft Visual Studio Solution File, Format Version 12.00
# Visual Studio Version 17
VisualStudioVersion = 17.0.32126.317
MinimumVisualStudioVersion = 10.0.40219.1
Project("{FAE04EC0-301F-11D3-BF4B-00C04F79EFBC}") = "01. Day of Week", "01. Day of Week\01. Day of Week.csproj", "{304FB911-C152-426A-9EBE-CE41184D3730}"
EndProject
Global
	GlobalSection(SolutionConfigurationPlatforms) = preSolution
		Debug|Any CPU = Debug|Any CPU
		Release|Any CPU = Release|Any CPU
	EndGlobalSection
	GlobalSection(ProjectConfigurationPlatforms) = postSolution
		{304FB911-C152-426A-9EBE-CE41184D3730}.Debug|Any CPU.ActiveCfg = Debug|Any CPU
		{304FB911-C152-426A-9EBE-CE41184D3730}.Debug|Any CPU.Build.0 = Debug|Any CPU
		{304FB911-C152-426A-9EBE-CE41184D3730}.Release|Any CPU.ActiveCfg = Release|Any CPU
		{304FB911-C152-426A-9EBE-CE41184D3730}.Release|Any CPU.Build.0 = Release|Any CPU
	EndGlobalSection
	GlobalSection(SolutionProperties) = preSolution
		HideSolutionNode = FALSE
	EndGlobalSection
	GlobalSection(ExtensibilityGlobals) = postSolution
		SolutionGuid = {ECB979C3-A398-4CC9-97D2-B229036E6446}
	EndGlobalSection
EndGlobal
