
Microsoft Visual Studio Solution File, Format Version 12.00
# Visual Studio Version 17
VisualStudioVersion = 17.0.32126.317
MinimumVisualStudioVersion = 10.0.40219.1
Project("{FAE04EC0-301F-11D3-BF4B-00C04F79EFBC}") = "01. Excellent Result", "01. Excellent Result\01. Excellent Result.csproj", "{267D9865-51A8-4FCC-810B-4EA8E9D641BA}"
EndProject
Global
	GlobalSection(SolutionConfigurationPlatforms) = preSolution
		Debug|Any CPU = Debug|Any CPU
		Release|Any CPU = Release|Any CPU
	EndGlobalSection
	GlobalSection(ProjectConfigurationPlatforms) = postSolution
		{267D9865-51A8-4FCC-810B-4EA8E9D641BA}.Debug|Any CPU.ActiveCfg = Debug|Any CPU
		{267D9865-51A8-4FCC-810B-4EA8E9D641BA}.Debug|Any CPU.Build.0 = Debug|Any CPU
		{267D9865-51A8-4FCC-810B-4EA8E9D641BA}.Release|Any CPU.ActiveCfg = Release|Any CPU
		{267D9865-51A8-4FCC-810B-4EA8E9D641BA}.Release|Any CPU.Build.0 = Release|Any CPU
	EndGlobalSection
	GlobalSection(SolutionProperties) = preSolution
		HideSolutionNode = FALSE
	EndGlobalSection
	GlobalSection(ExtensibilityGlobals) = postSolution
		SolutionGuid = {AB2D0849-7A3D-4642-B2C4-408498CDA8D7}
	EndGlobalSection
EndGlobal
