
Microsoft Visual Studio Solution File, Format Version 12.00
# Visual Studio Version 17
VisualStudioVersion = 17.0.32126.317
MinimumVisualStudioVersion = 10.0.40219.1
Project("{FAE04EC0-301F-11D3-BF4B-00C04F79EFBC}") = "10. Multiplication Table", "10. Multiplication Table\10. Multiplication Table.csproj", "{F7B634B6-FAF1-4B48-8AD5-28CECD6965D2}"
EndProject
Global
	GlobalSection(SolutionConfigurationPlatforms) = preSolution
		Debug|Any CPU = Debug|Any CPU
		Release|Any CPU = Release|Any CPU
	EndGlobalSection
	GlobalSection(ProjectConfigurationPlatforms) = postSolution
		{F7B634B6-FAF1-4B48-8AD5-28CECD6965D2}.Debug|Any CPU.ActiveCfg = Debug|Any CPU
		{F7B634B6-FAF1-4B48-8AD5-28CECD6965D2}.Debug|Any CPU.Build.0 = Debug|Any CPU
		{F7B634B6-FAF1-4B48-8AD5-28CECD6965D2}.Release|Any CPU.ActiveCfg = Release|Any CPU
		{F7B634B6-FAF1-4B48-8AD5-28CECD6965D2}.Release|Any CPU.Build.0 = Release|Any CPU
	EndGlobalSection
	GlobalSection(SolutionProperties) = preSolution
		HideSolutionNode = FALSE
	EndGlobalSection
	GlobalSection(ExtensibilityGlobals) = postSolution
		SolutionGuid = {A29A546D-E682-47C0-BF5A-A101C3761008}
	EndGlobalSection
EndGlobal
