
Microsoft Visual Studio Solution File, Format Version 12.00
# Visual Studio Version 17
VisualStudioVersion = 17.0.32126.317
MinimumVisualStudioVersion = 10.0.40219.1
Project("{FAE04EC0-301F-11D3-BF4B-00C04F79EFBC}") = "06. World Swimming Record", "06. World Swimming Record\06. World Swimming Record.csproj", "{D1FB5B80-3696-4798-9D25-C3260898AC2A}"
EndProject
Global
	GlobalSection(SolutionConfigurationPlatforms) = preSolution
		Debug|Any CPU = Debug|Any CPU
		Release|Any CPU = Release|Any CPU
	EndGlobalSection
	GlobalSection(ProjectConfigurationPlatforms) = postSolution
		{D1FB5B80-3696-4798-9D25-C3260898AC2A}.Debug|Any CPU.ActiveCfg = Debug|Any CPU
		{D1FB5B80-3696-4798-9D25-C3260898AC2A}.Debug|Any CPU.Build.0 = Debug|Any CPU
		{D1FB5B80-3696-4798-9D25-C3260898AC2A}.Release|Any CPU.ActiveCfg = Release|Any CPU
		{D1FB5B80-3696-4798-9D25-C3260898AC2A}.Release|Any CPU.Build.0 = Release|Any CPU
	EndGlobalSection
	GlobalSection(SolutionProperties) = preSolution
		HideSolutionNode = FALSE
	EndGlobalSection
	GlobalSection(ExtensibilityGlobals) = postSolution
		SolutionGuid = {82888A4E-3D96-4E93-868E-05D8DC3063E8}
	EndGlobalSection
EndGlobal
