
Microsoft Visual Studio Solution File, Format Version 12.00
# Visual Studio Version 17
VisualStudioVersion = 17.0.32126.317
MinimumVisualStudioVersion = 10.0.40219.1
Project("{FAE04EC0-301F-11D3-BF4B-00C04F79EFBC}") = "Merge_Sort", "Merge_Sort\Merge_Sort.csproj", "{86EDBB80-5CA5-4D16-971A-67B7F3068865}"
EndProject
Global
	GlobalSection(SolutionConfigurationPlatforms) = preSolution
		Debug|Any CPU = Debug|Any CPU
		Release|Any CPU = Release|Any CPU
	EndGlobalSection
	GlobalSection(ProjectConfigurationPlatforms) = postSolution
		{86EDBB80-5CA5-4D16-971A-67B7F3068865}.Debug|Any CPU.ActiveCfg = Debug|Any CPU
		{86EDBB80-5CA5-4D16-971A-67B7F3068865}.Debug|Any CPU.Build.0 = Debug|Any CPU
		{86EDBB80-5CA5-4D16-971A-67B7F3068865}.Release|Any CPU.ActiveCfg = Release|Any CPU
		{86EDBB80-5CA5-4D16-971A-67B7F3068865}.Release|Any CPU.Build.0 = Release|Any CPU
	EndGlobalSection
	GlobalSection(SolutionProperties) = preSolution
		HideSolutionNode = FALSE
	EndGlobalSection
	GlobalSection(ExtensibilityGlobals) = postSolution
		SolutionGuid = {A94A6EF0-E0BA-4768-AD52-0CA69E322011}
	EndGlobalSection
EndGlobal
